
Microsoft Visual Studio Solution File, Format Version 10.00
# Visual Studio 2008
Project("{FAE04EC0-301F-11D3-BF4B-00C04F79EFBC}") = "wc-doc", "wc-doc.csproj", "{2E215EA7-37E6-469D-AA96-A7F2FCD7E244}"
EndProject
Global
	GlobalSection(SolutionConfigurationPlatforms) = preSolution
		Debug|Any CPU = Debug|Any CPU
		Release|Any CPU = Release|Any CPU
	EndGlobalSection
	GlobalSection(ProjectConfigurationPlatforms) = postSolution
		{2E215EA7-37E6-469D-AA96-A7F2FCD7E244}.Debug|Any CPU.ActiveCfg = Debug|Any CPU
		{2E215EA7-37E6-469D-AA96-A7F2FCD7E244}.Debug|Any CPU.Build.0 = Debug|Any CPU
		{2E215EA7-37E6-469D-AA96-A7F2FCD7E244}.Release|Any CPU.ActiveCfg = Release|Any CPU
		{2E215EA7-37E6-469D-AA96-A7F2FCD7E244}.Release|Any CPU.Build.0 = Release|Any CPU
	EndGlobalSection
	GlobalSection(SolutionProperties) = preSolution
		HideSolutionNode = FALSE
	EndGlobalSection
EndGlobal
